
Microsoft Visual Studio Solution File, Format Version 12.00
# Visual Studio 15
VisualStudioVersion = 15.0.28307.1082
MinimumVisualStudioVersion = 10.0.40219.1
Project("{FAE04EC0-301F-11D3-BF4B-00C04F79EFBC}") = "comp282_cw2_201319103", "comp282_cw2_201319103\comp282_cw2_201319103.csproj", "{E415D7E6-8FB6-4748-A99E-75A8045C062D}"
EndProject
Global
	GlobalSection(SolutionConfigurationPlatforms) = preSolution
		Debug|Any CPU = Debug|Any CPU
		Release|Any CPU = Release|Any CPU
	EndGlobalSection
	GlobalSection(ProjectConfigurationPlatforms) = postSolution
		{E415D7E6-8FB6-4748-A99E-75A8045C062D}.Debug|Any CPU.ActiveCfg = Debug|Any CPU
		{E415D7E6-8FB6-4748-A99E-75A8045C062D}.Debug|Any CPU.Build.0 = Debug|Any CPU
		{E415D7E6-8FB6-4748-A99E-75A8045C062D}.Release|Any CPU.ActiveCfg = Release|Any CPU
		{E415D7E6-8FB6-4748-A99E-75A8045C062D}.Release|Any CPU.Build.0 = Release|Any CPU
	EndGlobalSection
	GlobalSection(SolutionProperties) = preSolution
		HideSolutionNode = FALSE
	EndGlobalSection
	GlobalSection(ExtensibilityGlobals) = postSolution
		SolutionGuid = {20D6AE2A-147C-4853-BAC8-0D070D74CCAF}
	EndGlobalSection
EndGlobal
